
Microsoft Visual Studio Solution File, Format Version 12.00
# Visual Studio Version 16
VisualStudioVersion = 16.0.30114.105
MinimumVisualStudioVersion = 10.0.40219.1
Project("{2150E333-8FDC-42A3-9474-1A3956D46DE8}") = "src", "src", "{17D3FE99-4241-4679-BC0A-796DA34E2D7B}"
EndProject
Project("{FAE04EC0-301F-11D3-BF4B-00C04F79EFBC}") = "Manager.API", "src\Manager.API\Manager.API.csproj", "{D27707C0-51BA-43BD-9DD6-F50556994D1D}"
EndProject
Project("{FAE04EC0-301F-11D3-BF4B-00C04F79EFBC}") = "Manager.Domain", "src\Manager.Domain\Manager.Domain.csproj", "{1FE7793C-30C3-45B1-9099-FB3A2A384FBF}"
EndProject
Project("{FAE04EC0-301F-11D3-BF4B-00C04F79EFBC}") = "Manager.Infra", "src\Manager.Infra\Manager.Infra.csproj", "{C29623C0-8CD3-49B3-B1C8-B39DBA43F453}"
EndProject
Project("{FAE04EC0-301F-11D3-BF4B-00C04F79EFBC}") = "Manager.Services", "src\Manager.Services\Manager.Services.csproj", "{8FFD1B9F-92DC-4B56-961A-4589039939AA}"
EndProject
Project("{FAE04EC0-301F-11D3-BF4B-00C04F79EFBC}") = "Manager.Core", "src\Manager.Core\Manager.Core.csproj", "{954D9873-D838-42CB-B74D-F54E14466511}"
EndProject
Global
	GlobalSection(SolutionConfigurationPlatforms) = preSolution
		Debug|Any CPU = Debug|Any CPU
		Debug|x64 = Debug|x64
		Debug|x86 = Debug|x86
		Release|Any CPU = Release|Any CPU
		Release|x64 = Release|x64
		Release|x86 = Release|x86
	EndGlobalSection
	GlobalSection(SolutionProperties) = preSolution
		HideSolutionNode = FALSE
	EndGlobalSection
	GlobalSection(ProjectConfigurationPlatforms) = postSolution
		{D27707C0-51BA-43BD-9DD6-F50556994D1D}.Debug|Any CPU.ActiveCfg = Debug|Any CPU
		{D27707C0-51BA-43BD-9DD6-F50556994D1D}.Debug|Any CPU.Build.0 = Debug|Any CPU
		{D27707C0-51BA-43BD-9DD6-F50556994D1D}.Debug|x64.ActiveCfg = Debug|Any CPU
		{D27707C0-51BA-43BD-9DD6-F50556994D1D}.Debug|x64.Build.0 = Debug|Any CPU
		{D27707C0-51BA-43BD-9DD6-F50556994D1D}.Debug|x86.ActiveCfg = Debug|Any CPU
		{D27707C0-51BA-43BD-9DD6-F50556994D1D}.Debug|x86.Build.0 = Debug|Any CPU
		{D27707C0-51BA-43BD-9DD6-F50556994D1D}.Release|Any CPU.ActiveCfg = Release|Any CPU
		{D27707C0-51BA-43BD-9DD6-F50556994D1D}.Release|Any CPU.Build.0 = Release|Any CPU
		{D27707C0-51BA-43BD-9DD6-F50556994D1D}.Release|x64.ActiveCfg = Release|Any CPU
		{D27707C0-51BA-43BD-9DD6-F50556994D1D}.Release|x64.Build.0 = Release|Any CPU
		{D27707C0-51BA-43BD-9DD6-F50556994D1D}.Release|x86.ActiveCfg = Release|Any CPU
		{D27707C0-51BA-43BD-9DD6-F50556994D1D}.Release|x86.Build.0 = Release|Any CPU
		{1FE7793C-30C3-45B1-9099-FB3A2A384FBF}.Debug|Any CPU.ActiveCfg = Debug|Any CPU
		{1FE7793C-30C3-45B1-9099-FB3A2A384FBF}.Debug|Any CPU.Build.0 = Debug|Any CPU
		{1FE7793C-30C3-45B1-9099-FB3A2A384FBF}.Debug|x64.ActiveCfg = Debug|Any CPU
		{1FE7793C-30C3-45B1-9099-FB3A2A384FBF}.Debug|x64.Build.0 = Debug|Any CPU
		{1FE7793C-30C3-45B1-9099-FB3A2A384FBF}.Debug|x86.ActiveCfg = Debug|Any CPU
		{1FE7793C-30C3-45B1-9099-FB3A2A384FBF}.Debug|x86.Build.0 = Debug|Any CPU
		{1FE7793C-30C3-45B1-9099-FB3A2A384FBF}.Release|Any CPU.ActiveCfg = Release|Any CPU
		{1FE7793C-30C3-45B1-9099-FB3A2A384FBF}.Release|Any CPU.Build.0 = Release|Any CPU
		{1FE7793C-30C3-45B1-9099-FB3A2A384FBF}.Release|x64.ActiveCfg = Release|Any CPU
		{1FE7793C-30C3-45B1-9099-FB3A2A384FBF}.Release|x64.Build.0 = Release|Any CPU
		{1FE7793C-30C3-45B1-9099-FB3A2A384FBF}.Release|x86.ActiveCfg = Release|Any CPU
		{1FE7793C-30C3-45B1-9099-FB3A2A384FBF}.Release|x86.Build.0 = Release|Any CPU
		{C29623C0-8CD3-49B3-B1C8-B39DBA43F453}.Debug|Any CPU.ActiveCfg = Debug|Any CPU
		{C29623C0-8CD3-49B3-B1C8-B39DBA43F453}.Debug|Any CPU.Build.0 = Debug|Any CPU
		{C29623C0-8CD3-49B3-B1C8-B39DBA43F453}.Debug|x64.ActiveCfg = Debug|Any CPU
		{C29623C0-8CD3-49B3-B1C8-B39DBA43F453}.Debug|x64.Build.0 = Debug|Any CPU
		{C29623C0-8CD3-49B3-B1C8-B39DBA43F453}.Debug|x86.ActiveCfg = Debug|Any CPU
		{C29623C0-8CD3-49B3-B1C8-B39DBA43F453}.Debug|x86.Build.0 = Debug|Any CPU
		{C29623C0-8CD3-49B3-B1C8-B39DBA43F453}.Release|Any CPU.ActiveCfg = Release|Any CPU
		{C29623C0-8CD3-49B3-B1C8-B39DBA43F453}.Release|Any CPU.Build.0 = Release|Any CPU
		{C29623C0-8CD3-49B3-B1C8-B39DBA43F453}.Release|x64.ActiveCfg = Release|Any CPU
		{C29623C0-8CD3-49B3-B1C8-B39DBA43F453}.Release|x64.Build.0 = Release|Any CPU
		{C29623C0-8CD3-49B3-B1C8-B39DBA43F453}.Release|x86.ActiveCfg = Release|Any CPU
		{C29623C0-8CD3-49B3-B1C8-B39DBA43F453}.Release|x86.Build.0 = Release|Any CPU
		{8FFD1B9F-92DC-4B56-961A-4589039939AA}.Debug|Any CPU.ActiveCfg = Debug|Any CPU
		{8FFD1B9F-92DC-4B56-961A-4589039939AA}.Debug|Any CPU.Build.0 = Debug|Any CPU
		{8FFD1B9F-92DC-4B56-961A-4589039939AA}.Debug|x64.ActiveCfg = Debug|Any CPU
		{8FFD1B9F-92DC-4B56-961A-4589039939AA}.Debug|x64.Build.0 = Debug|Any CPU
		{8FFD1B9F-92DC-4B56-961A-4589039939AA}.Debug|x86.ActiveCfg = Debug|Any CPU
		{8FFD1B9F-92DC-4B56-961A-4589039939AA}.Debug|x86.Build.0 = Debug|Any CPU
		{8FFD1B9F-92DC-4B56-961A-4589039939AA}.Release|Any CPU.ActiveCfg = Release|Any CPU
		{8FFD1B9F-92DC-4B56-961A-4589039939AA}.Release|Any CPU.Build.0 = Release|Any CPU
		{8FFD1B9F-92DC-4B56-961A-4589039939AA}.Release|x64.ActiveCfg = Release|Any CPU
		{8FFD1B9F-92DC-4B56-961A-4589039939AA}.Release|x64.Build.0 = Release|Any CPU
		{8FFD1B9F-92DC-4B56-961A-4589039939AA}.Release|x86.ActiveCfg = Release|Any CPU
		{8FFD1B9F-92DC-4B56-961A-4589039939AA}.Release|x86.Build.0 = Release|Any CPU
		{954D9873-D838-42CB-B74D-F54E14466511}.Debug|Any CPU.ActiveCfg = Debug|Any CPU
		{954D9873-D838-42CB-B74D-F54E14466511}.Debug|Any CPU.Build.0 = Debug|Any CPU
		{954D9873-D838-42CB-B74D-F54E14466511}.Debug|x64.ActiveCfg = Debug|Any CPU
		{954D9873-D838-42CB-B74D-F54E14466511}.Debug|x64.Build.0 = Debug|Any CPU
		{954D9873-D838-42CB-B74D-F54E14466511}.Debug|x86.ActiveCfg = Debug|Any CPU
		{954D9873-D838-42CB-B74D-F54E14466511}.Debug|x86.Build.0 = Debug|Any CPU
		{954D9873-D838-42CB-B74D-F54E14466511}.Release|Any CPU.ActiveCfg = Release|Any CPU
		{954D9873-D838-42CB-B74D-F54E14466511}.Release|Any CPU.Build.0 = Release|Any CPU
		{954D9873-D838-42CB-B74D-F54E14466511}.Release|x64.ActiveCfg = Release|Any CPU
		{954D9873-D838-42CB-B74D-F54E14466511}.Release|x64.Build.0 = Release|Any CPU
		{954D9873-D838-42CB-B74D-F54E14466511}.Release|x86.ActiveCfg = Release|Any CPU
		{954D9873-D838-42CB-B74D-F54E14466511}.Release|x86.Build.0 = Release|Any CPU
	EndGlobalSection
	GlobalSection(NestedProjects) = preSolution
		{D27707C0-51BA-43BD-9DD6-F50556994D1D} = {17D3FE99-4241-4679-BC0A-796DA34E2D7B}
		{1FE7793C-30C3-45B1-9099-FB3A2A384FBF} = {17D3FE99-4241-4679-BC0A-796DA34E2D7B}
		{C29623C0-8CD3-49B3-B1C8-B39DBA43F453} = {17D3FE99-4241-4679-BC0A-796DA34E2D7B}
		{8FFD1B9F-92DC-4B56-961A-4589039939AA} = {17D3FE99-4241-4679-BC0A-796DA34E2D7B}
		{954D9873-D838-42CB-B74D-F54E14466511} = {17D3FE99-4241-4679-BC0A-796DA34E2D7B}
	EndGlobalSection
EndGlobal
